// !$*UTF8*$!
{
	archiveVersion = 1;
	classes = {
	};
	objectVersion = 60;
	objects = {

/* Begin PBXBuildFile section */
		490F41BE262474B500D1A86D /* WieldApplyDistinguished.swift in Sources */ = {isa = PBXBuildFile; fileRef = 490F41BD262474B500D1A86D /* WieldApplyDistinguished.swift */; };
		490F41C0262474B500D1A86D /* CornWinExtraordinaryWin.swift in Sources */ = {isa = PBXBuildFile; fileRef = 490F41BF262474B500D1A86D /* CornWinExtraordinaryWin.swift */; };
		490F41C2262474B500D1A86D /* FosterForwardEnthusiasticGame.swift in Sources */ = {isa = PBXBuildFile; fileRef = 490F41C1262474B500D1A86D /* FosterForwardEnthusiasticGame.swift */; };
		490F41C5262474B500D1A86D /* Main.storyboard in Resources */ = {isa = PBXBuildFile; fileRef = 490F41C3262474B500D1A86D /* Main.storyboard */; };
		490F41C7262474B700D1A86D /* Assets.xcassets in Resources */ = {isa = PBXBuildFile; fileRef = 490F41C6262474B700D1A86D /* Assets.xcassets */; };
		490F41CA262474B700D1A86D /* LaunchScreen.storyboard in Resources */ = {isa = PBXBuildFile; fileRef = 490F41C8262474B700D1A86D /* LaunchScreen.storyboard */; };
		490F421B26247AE500D1A86D /* AshtrayPlugGainfulInvoice.swift in Sources */ = {isa = PBXBuildFile; fileRef = 490F421826247AE400D1A86D /* AshtrayPlugGainfulInvoice.swift */; };
		490F422026247BFB00D1A86D /* GlareDeleteArtistic.swift in Sources */ = {isa = PBXBuildFile; fileRef = 490F421F26247BFB00D1A86D /* GlareDeleteArtistic.swift */; };
		491641B126B41AD1002645CF /* wave-animation.json in Resources */ = {isa = PBXBuildFile; fileRef = 491641B026B41AD1002645CF /* wave-animation.json */; };
		492E88F82629D245007F861A /* BehaviorRetainAdaptable.swift in Sources */ = {isa = PBXBuildFile; fileRef = 492E88F72629D244007F861A /* BehaviorRetainAdaptable.swift */; };
		4950C6AE266A265A0051348A /* PebbleUnifyEssentialCar.swift in Sources */ = {isa = PBXBuildFile; fileRef = 4950C6AD266A26580051348A /* PebbleUnifyEssentialCar.swift */; };
		4950C6B1266A26B50051348A /* DrumUnfoldEmpatheticCountry.swift in Sources */ = {isa = PBXBuildFile; fileRef = 4950C6AF266A26B50051348A /* DrumUnfoldEmpatheticCountry.swift */; };
		4950C6B2266A26B50051348A /* ChiefConvertFantastic.swift in Sources */ = {isa = PBXBuildFile; fileRef = 4950C6B0266A26B50051348A /* ChiefConvertFantastic.swift */; };
		496537FE26B03C96006C54B8 /* DbData.xcdatamodel in Sources */ = {isa = PBXBuildFile; fileRef = 496537FD26B03C96006C54B8 /* DbData.xcdatamodel */; };
		4965380126B03D2F006C54B8 /* KeepawayPrepareEnjoyable.swift in Sources */ = {isa = PBXBuildFile; fileRef = 4965380026B03D2F006C54B8 /* KeepawayPrepareEnjoyable.swift */; };
		49ADFEF926B412BD000AD231 /* WildlifeStrengthenChic.swift in Sources */ = {isa = PBXBuildFile; fileRef = 49ADFEF826B412BD000AD231 /* WildlifeStrengthenChic.swift */; };
		49ADFEFD26B41680000AD231 /* DeedUnlockFreshConcept.swift in Sources */ = {isa = PBXBuildFile; fileRef = 49ADFEFC26B41680000AD231 /* DeedUnlockFreshConcept.swift */; };
		49ADFEFF26B41686000AD231 /* CourtValueInstrumental.swift in Sources */ = {isa = PBXBuildFile; fileRef = 49ADFEFE26B41686000AD231 /* CourtValueInstrumental.swift */; };
		49ADFF0126B4168D000AD231 /* ContributeDesignGratefulClub.swift in Sources */ = {isa = PBXBuildFile; fileRef = 49ADFF0026B4168D000AD231 /* ContributeDesignGratefulClub.swift */; };
		49E4295E266A642100D9CB94 /* ArgueIntegrateAdjustableLand.swift in Sources */ = {isa = PBXBuildFile; fileRef = 49E4295D266A642100D9CB94 /* ArgueIntegrateAdjustableLand.swift */; };
		A992E427482121D60FE9F1FC /* Pods_SoundMeter.framework in Frameworks */ = {isa = PBXBuildFile; fileRef = 43FD5E8B6FAFDC5A92A8AF99 /* Pods_SoundMeter.framework */; };
		D9FF0CBF2C3C24EB0037A865 /* LitePayt in Frameworks */ = {isa = PBXBuildFile; productRef = D9FF0CBE2C3C24EB0037A865 /* LitePayt */; };
		D9FF0CC12C3C2F710037A865 /* LitePayt.storekit in Resources */ = {isa = PBXBuildFile; fileRef = D9FF0CC02C3C2F710037A865 /* LitePayt.storekit */; };
		FAB7CFE82C3D83EC00EF6FDF /* DiamondTrackAccurateProfile.swift in Sources */ = {isa = PBXBuildFile; fileRef = FAB7CFE72C3D83EC00EF6FDF /* DiamondTrackAccurateProfile.swift */; };
/* End PBXBuildFile section */

/* Begin PBXCopyFilesBuildPhase section */
		491641CA26B41D37002645CF /* Embed App Extensions */ = {
			isa = PBXCopyFilesBuildPhase;
			buildActionMask = 2147483647;
			dstPath = "";
			dstSubfolderSpec = 13;
			files = (
			);
			name = "Embed App Extensions";
			runOnlyForDeploymentPostprocessing = 0;
		};
/* End PBXCopyFilesBuildPhase section */

/* Begin PBXFileReference section */
		3200A6323D4316AF89F61125 /* Pods-SoundMeter.debug.xcconfig */ = {isa = PBXFileReference; includeInIndex = 1; lastKnownFileType = text.xcconfig; name = "Pods-SoundMeter.debug.xcconfig"; path = "Target Support Files/Pods-SoundMeter/Pods-SoundMeter.debug.xcconfig"; sourceTree = "<group>"; };
		43FD5E8B6FAFDC5A92A8AF99 /* Pods_SoundMeter.framework */ = {isa = PBXFileReference; explicitFileType = wrapper.framework; includeInIndex = 0; path = Pods_SoundMeter.framework; sourceTree = BUILT_PRODUCTS_DIR; };
		490F41BA262474B500D1A86D /* Scanner de Som.app */ = {isa = PBXFileReference; explicitFileType = wrapper.application; includeInIndex = 0; path = "Scanner de Som.app"; sourceTree = BUILT_PRODUCTS_DIR; };
		490F41BD262474B500D1A86D /* WieldApplyDistinguished.swift */ = {isa = PBXFileReference; lastKnownFileType = sourcecode.swift; path = WieldApplyDistinguished.swift; sourceTree = "<group>"; };
		490F41BF262474B500D1A86D /* CornWinExtraordinaryWin.swift */ = {isa = PBXFileReference; lastKnownFileType = sourcecode.swift; path = CornWinExtraordinaryWin.swift; sourceTree = "<group>"; };
		490F41C1262474B500D1A86D /* FosterForwardEnthusiasticGame.swift */ = {isa = PBXFileReference; lastKnownFileType = sourcecode.swift; path = FosterForwardEnthusiasticGame.swift; sourceTree = "<group>"; };
		490F41C4262474B500D1A86D /* Base */ = {isa = PBXFileReference; lastKnownFileType = file.storyboard; name = Base; path = Base.lproj/Main.storyboard; sourceTree = "<group>"; };
		490F41C6262474B700D1A86D /* Assets.xcassets */ = {isa = PBXFileReference; lastKnownFileType = folder.assetcatalog; path = Assets.xcassets; sourceTree = "<group>"; };
		490F41C9262474B700D1A86D /* Base */ = {isa = PBXFileReference; lastKnownFileType = file.storyboard; name = Base; path = Base.lproj/LaunchScreen.storyboard; sourceTree = "<group>"; };
		490F41CB262474B700D1A86D /* Info.plist */ = {isa = PBXFileReference; lastKnownFileType = text.plist.xml; path = Info.plist; sourceTree = "<group>"; };
		490F421826247AE400D1A86D /* AshtrayPlugGainfulInvoice.swift */ = {isa = PBXFileReference; fileEncoding = 4; lastKnownFileType = sourcecode.swift; path = AshtrayPlugGainfulInvoice.swift; sourceTree = "<group>"; };
		490F421F26247BFB00D1A86D /* GlareDeleteArtistic.swift */ = {isa = PBXFileReference; fileEncoding = 4; lastKnownFileType = sourcecode.swift; path = GlareDeleteArtistic.swift; sourceTree = "<group>"; };
		491641B026B41AD1002645CF /* wave-animation.json */ = {isa = PBXFileReference; fileEncoding = 4; lastKnownFileType = text.json; path = "wave-animation.json"; sourceTree = "<group>"; };
		491641D026B41E61002645CF /* SoundMeter.entitlements */ = {isa = PBXFileReference; lastKnownFileType = text.plist.entitlements; path = SoundMeter.entitlements; sourceTree = "<group>"; };
		492E88F72629D244007F861A /* BehaviorRetainAdaptable.swift */ = {isa = PBXFileReference; fileEncoding = 4; lastKnownFileType = sourcecode.swift; path = BehaviorRetainAdaptable.swift; sourceTree = "<group>"; };
		4950C6AD266A26580051348A /* PebbleUnifyEssentialCar.swift */ = {isa = PBXFileReference; fileEncoding = 4; lastKnownFileType = sourcecode.swift; path = PebbleUnifyEssentialCar.swift; sourceTree = "<group>"; };
		4950C6AF266A26B50051348A /* DrumUnfoldEmpatheticCountry.swift */ = {isa = PBXFileReference; fileEncoding = 4; lastKnownFileType = sourcecode.swift; path = DrumUnfoldEmpatheticCountry.swift; sourceTree = "<group>"; };
		4950C6B0266A26B50051348A /* ChiefConvertFantastic.swift */ = {isa = PBXFileReference; fileEncoding = 4; lastKnownFileType = sourcecode.swift; path = ChiefConvertFantastic.swift; sourceTree = "<group>"; };
		496537FD26B03C96006C54B8 /* DbData.xcdatamodel */ = {isa = PBXFileReference; lastKnownFileType = wrapper.xcdatamodel; path = DbData.xcdatamodel; sourceTree = "<group>"; };
		4965380026B03D2F006C54B8 /* KeepawayPrepareEnjoyable.swift */ = {isa = PBXFileReference; fileEncoding = 4; lastKnownFileType = sourcecode.swift; path = KeepawayPrepareEnjoyable.swift; sourceTree = "<group>"; };
		49ADFEF826B412BD000AD231 /* WildlifeStrengthenChic.swift */ = {isa = PBXFileReference; fileEncoding = 4; lastKnownFileType = sourcecode.swift; path = WildlifeStrengthenChic.swift; sourceTree = "<group>"; };
		49ADFEFC26B41680000AD231 /* DeedUnlockFreshConcept.swift */ = {isa = PBXFileReference; fileEncoding = 4; lastKnownFileType = sourcecode.swift; path = DeedUnlockFreshConcept.swift; sourceTree = "<group>"; };
		49ADFEFE26B41686000AD231 /* CourtValueInstrumental.swift */ = {isa = PBXFileReference; fileEncoding = 4; lastKnownFileType = sourcecode.swift; path = CourtValueInstrumental.swift; sourceTree = "<group>"; };
		49ADFF0026B4168D000AD231 /* ContributeDesignGratefulClub.swift */ = {isa = PBXFileReference; fileEncoding = 4; lastKnownFileType = sourcecode.swift; path = ContributeDesignGratefulClub.swift; sourceTree = "<group>"; };
		49E4295D266A642100D9CB94 /* ArgueIntegrateAdjustableLand.swift */ = {isa = PBXFileReference; lastKnownFileType = sourcecode.swift; path = ArgueIntegrateAdjustableLand.swift; sourceTree = "<group>"; };
		8E5E72923874444C546EB422 /* Pods-SoundMeter.release.xcconfig */ = {isa = PBXFileReference; includeInIndex = 1; lastKnownFileType = text.xcconfig; name = "Pods-SoundMeter.release.xcconfig"; path = "Target Support Files/Pods-SoundMeter/Pods-SoundMeter.release.xcconfig"; sourceTree = "<group>"; };
		D9FF0CC02C3C2F710037A865 /* LitePayt.storekit */ = {isa = PBXFileReference; fileEncoding = 4; lastKnownFileType = text; path = LitePayt.storekit; sourceTree = "<group>"; };
		FAB7CFE72C3D83EC00EF6FDF /* DiamondTrackAccurateProfile.swift */ = {isa = PBXFileReference; fileEncoding = 4; lastKnownFileType = sourcecode.swift; path = DiamondTrackAccurateProfile.swift; sourceTree = "<group>"; };
/* End PBXFileReference section */

/* Begin PBXFrameworksBuildPhase section */
		490F41B7262474B500D1A86D /* Frameworks */ = {
			isa = PBXFrameworksBuildPhase;
			buildActionMask = 2147483647;
			files = (
				D9FF0CBF2C3C24EB0037A865 /* LitePayt in Frameworks */,
				A992E427482121D60FE9F1FC /* Pods_SoundMeter.framework in Frameworks */,
			);
			runOnlyForDeploymentPostprocessing = 0;
		};
/* End PBXFrameworksBuildPhase section */

/* Begin PBXGroup section */
		17CC7D6E4516C44CED5D1042 /* Pods */ = {
			isa = PBXGroup;
			children = (
				3200A6323D4316AF89F61125 /* Pods-SoundMeter.debug.xcconfig */,
				8E5E72923874444C546EB422 /* Pods-SoundMeter.release.xcconfig */,
			);
			path = Pods;
			sourceTree = "<group>";
		};
		490F41B1262474B500D1A86D = {
			isa = PBXGroup;
			children = (
				D9FF0CC02C3C2F710037A865 /* LitePayt.storekit */,
				490F41BC262474B500D1A86D /* SoundMeter */,
				490F41BB262474B500D1A86D /* Products */,
				17CC7D6E4516C44CED5D1042 /* Pods */,
				DCD86D84EC45D1BD0191C065 /* Frameworks */,
			);
			sourceTree = "<group>";
		};
		490F41BB262474B500D1A86D /* Products */ = {
			isa = PBXGroup;
			children = (
				490F41BA262474B500D1A86D /* Scanner de Som.app */,
			);
			name = Products;
			sourceTree = "<group>";
		};
		490F41BC262474B500D1A86D /* SoundMeter */ = {
			isa = PBXGroup;
			children = (
				491641D026B41E61002645CF /* SoundMeter.entitlements */,
				4950C6B4266A27A60051348A /* Noise Level Controller */,
				49ADFEF226B4081B000AD231 /* Settings Controller */,
				49E4295C266A640A00D9CB94 /* Records Controller */,
				4950C6B3266A26B80051348A /* Config Files */,
				490F421726247AD200D1A86D /* Supporting Files */,
				490F41BD262474B500D1A86D /* WieldApplyDistinguished.swift */,
				490F41BF262474B500D1A86D /* CornWinExtraordinaryWin.swift */,
				490F41C3262474B500D1A86D /* Main.storyboard */,
				490F41C6262474B700D1A86D /* Assets.xcassets */,
				490F41C8262474B700D1A86D /* LaunchScreen.storyboard */,
				490F41CB262474B700D1A86D /* Info.plist */,
			);
			path = SoundMeter;
			sourceTree = "<group>";
		};
		490F421726247AD200D1A86D /* Supporting Files */ = {
			isa = PBXGroup;
			children = (
				491641AF26B41AB7002645CF /* Lottie Animation */,
				496537FD26B03C96006C54B8 /* DbData.xcdatamodel */,
				FAB7CFE72C3D83EC00EF6FDF /* DiamondTrackAccurateProfile.swift */,
				4950C6AD266A26580051348A /* PebbleUnifyEssentialCar.swift */,
				492E88F72629D244007F861A /* BehaviorRetainAdaptable.swift */,
				490F421F26247BFB00D1A86D /* GlareDeleteArtistic.swift */,
				490F421826247AE400D1A86D /* AshtrayPlugGainfulInvoice.swift */,
			);
			path = "Supporting Files";
			sourceTree = "<group>";
		};
		491641AF26B41AB7002645CF /* Lottie Animation */ = {
			isa = PBXGroup;
			children = (
				491641B026B41AD1002645CF /* wave-animation.json */,
			);
			path = "Lottie Animation";
			sourceTree = "<group>";
		};
		4950C6B3266A26B80051348A /* Config Files */ = {
			isa = PBXGroup;
			children = (
				4950C6B0266A26B50051348A /* ChiefConvertFantastic.swift */,
				4950C6AF266A26B50051348A /* DrumUnfoldEmpatheticCountry.swift */,
			);
			path = "Config Files";
			sourceTree = "<group>";
		};
		4950C6B4266A27A60051348A /* Noise Level Controller */ = {
			isa = PBXGroup;
			children = (
				490F41C1262474B500D1A86D /* FosterForwardEnthusiasticGame.swift */,
				49ADFEF826B412BD000AD231 /* WildlifeStrengthenChic.swift */,
			);
			path = "Noise Level Controller";
			sourceTree = "<group>";
		};
		496537FF26B03D1F006C54B8 /* Table Cell */ = {
			isa = PBXGroup;
			children = (
				4965380026B03D2F006C54B8 /* KeepawayPrepareEnjoyable.swift */,
			);
			path = "Table Cell";
			sourceTree = "<group>";
		};
		49ADFEF226B4081B000AD231 /* Settings Controller */ = {
			isa = PBXGroup;
			children = (
				49ADFEFA26B4166E000AD231 /* Table Cell */,
				49ADFEFB26B41674000AD231 /* Model */,
				49ADFF0026B4168D000AD231 /* ContributeDesignGratefulClub.swift */,
			);
			path = "Settings Controller";
			sourceTree = "<group>";
		};
		49ADFEFA26B4166E000AD231 /* Table Cell */ = {
			isa = PBXGroup;
			children = (
				49ADFEFC26B41680000AD231 /* DeedUnlockFreshConcept.swift */,
			);
			path = "Table Cell";
			sourceTree = "<group>";
		};
		49ADFEFB26B41674000AD231 /* Model */ = {
			isa = PBXGroup;
			children = (
				49ADFEFE26B41686000AD231 /* CourtValueInstrumental.swift */,
			);
			path = Model;
			sourceTree = "<group>";
		};
		49E4295C266A640A00D9CB94 /* Records Controller */ = {
			isa = PBXGroup;
			children = (
				496537FF26B03D1F006C54B8 /* Table Cell */,
				49E4295D266A642100D9CB94 /* ArgueIntegrateAdjustableLand.swift */,
			);
			path = "Records Controller";
			sourceTree = "<group>";
		};
		DCD86D84EC45D1BD0191C065 /* Frameworks */ = {
			isa = PBXGroup;
			children = (
				43FD5E8B6FAFDC5A92A8AF99 /* Pods_SoundMeter.framework */,
			);
			name = Frameworks;
			sourceTree = "<group>";
		};
/* End PBXGroup section */

/* Begin PBXNativeTarget section */
		490F41B9262474B500D1A86D /* Scanner de Som */ = {
			isa = PBXNativeTarget;
			buildConfigurationList = 490F41CE262474B700D1A86D /* Build configuration list for PBXNativeTarget "Scanner de Som" */;
			buildPhases = (
				1AC98E63DF128DA0F227145C /* [CP] Check Pods Manifest.lock */,
				490F41B6262474B500D1A86D /* Sources */,
				490F41B7262474B500D1A86D /* Frameworks */,
				490F41B8262474B500D1A86D /* Resources */,
				491641CA26B41D37002645CF /* Embed App Extensions */,
				44EE9410CF126040CEC78FA5 /* [CP] Embed Pods Frameworks */,
			);
			buildRules = (
			);
			dependencies = (
			);
			name = "Scanner de Som";
			packageProductDependencies = (
				D9FF0CBE2C3C24EB0037A865 /* LitePayt */,
			);
			productName = SoundMeter;
			productReference = 490F41BA262474B500D1A86D /* Scanner de Som.app */;
			productType = "com.apple.product-type.application";
		};
/* End PBXNativeTarget section */

/* Begin PBXProject section */
		490F41B2262474B500D1A86D /* Project object */ = {
			isa = PBXProject;
			attributes = {
				LastSwiftUpdateCheck = 1250;
				LastUpgradeCheck = 1430;
				TargetAttributes = {
					490F41B9262474B500D1A86D = {
						CreatedOnToolsVersion = 12.4;
					};
				};
			};
			buildConfigurationList = 490F41B5262474B500D1A86D /* Build configuration list for PBXProject "SoundMeter" */;
			compatibilityVersion = "Xcode 12.0";
			developmentRegion = en;
			hasScannedForEncodings = 0;
			knownRegions = (
				en,
				Base,
			);
			mainGroup = 490F41B1262474B500D1A86D;
			packageReferences = (
				D9FF0CBD2C3C24EB0037A865 /* XCLocalSwiftPackageReference "LitePayt" */,
			);
			productRefGroup = 490F41BB262474B500D1A86D /* Products */;
			projectDirPath = "";
			projectRoot = "";
			targets = (
				490F41B9262474B500D1A86D /* Scanner de Som */,
			);
		};
/* End PBXProject section */

/* Begin PBXResourcesBuildPhase section */
		490F41B8262474B500D1A86D /* Resources */ = {
			isa = PBXResourcesBuildPhase;
			buildActionMask = 2147483647;
			files = (
				D9FF0CC12C3C2F710037A865 /* LitePayt.storekit in Resources */,
				490F41CA262474B700D1A86D /* LaunchScreen.storyboard in Resources */,
				490F41C7262474B700D1A86D /* Assets.xcassets in Resources */,
				490F41C5262474B500D1A86D /* Main.storyboard in Resources */,
				491641B126B41AD1002645CF /* wave-animation.json in Resources */,
			);
			runOnlyForDeploymentPostprocessing = 0;
		};
/* End PBXResourcesBuildPhase section */

/* Begin PBXShellScriptBuildPhase section */
		1AC98E63DF128DA0F227145C /* [CP] Check Pods Manifest.lock */ = {
			isa = PBXShellScriptBuildPhase;
			buildActionMask = 2147483647;
			files = (
			);
			inputFileListPaths = (
			);
			inputPaths = (
				"${PODS_PODFILE_DIR_PATH}/Podfile.lock",
				"${PODS_ROOT}/Manifest.lock",
			);
			name = "[CP] Check Pods Manifest.lock";
			outputFileListPaths = (
			);
			outputPaths = (
				"$(DERIVED_FILE_DIR)/Pods-SoundMeter-checkManifestLockResult.txt",
			);
			runOnlyForDeploymentPostprocessing = 0;
			shellPath = /bin/sh;
			shellScript = "diff \"${PODS_PODFILE_DIR_PATH}/Podfile.lock\" \"${PODS_ROOT}/Manifest.lock\" > /dev/null\nif [ $? != 0 ] ; then\n    # print error to STDERR\n    echo \"error: The sandbox is not in sync with the Podfile.lock. Run 'pod install' or update your CocoaPods installation.\" >&2\n    exit 1\nfi\n# This output is used by Xcode 'outputs' to avoid re-running this script phase.\necho \"SUCCESS\" > \"${SCRIPT_OUTPUT_FILE_0}\"\n";
			showEnvVarsInLog = 0;
		};
		44EE9410CF126040CEC78FA5 /* [CP] Embed Pods Frameworks */ = {
			isa = PBXShellScriptBuildPhase;
			buildActionMask = 2147483647;
			files = (
			);
			inputFileListPaths = (
				"${PODS_ROOT}/Target Support Files/Pods-SoundMeter/Pods-SoundMeter-frameworks-${CONFIGURATION}-input-files.xcfilelist",
			);
			name = "[CP] Embed Pods Frameworks";
			outputFileListPaths = (
				"${PODS_ROOT}/Target Support Files/Pods-SoundMeter/Pods-SoundMeter-frameworks-${CONFIGURATION}-output-files.xcfilelist",
			);
			runOnlyForDeploymentPostprocessing = 0;
			shellPath = /bin/sh;
			shellScript = "\"${PODS_ROOT}/Target Support Files/Pods-SoundMeter/Pods-SoundMeter-frameworks.sh\"\n";
			showEnvVarsInLog = 0;
		};
/* End PBXShellScriptBuildPhase section */

/* Begin PBXSourcesBuildPhase section */
		490F41B6262474B500D1A86D /* Sources */ = {
			isa = PBXSourcesBuildPhase;
			buildActionMask = 2147483647;
			files = (
				490F41C2262474B500D1A86D /* FosterForwardEnthusiasticGame.swift in Sources */,
				496537FE26B03C96006C54B8 /* DbData.xcdatamodel in Sources */,
				49E4295E266A642100D9CB94 /* ArgueIntegrateAdjustableLand.swift in Sources */,
				49ADFEF926B412BD000AD231 /* WildlifeStrengthenChic.swift in Sources */,
				49ADFF0126B4168D000AD231 /* ContributeDesignGratefulClub.swift in Sources */,
				4950C6AE266A265A0051348A /* PebbleUnifyEssentialCar.swift in Sources */,
				49ADFEFF26B41686000AD231 /* CourtValueInstrumental.swift in Sources */,
				49ADFEFD26B41680000AD231 /* DeedUnlockFreshConcept.swift in Sources */,
				4950C6B2266A26B50051348A /* ChiefConvertFantastic.swift in Sources */,
				490F422026247BFB00D1A86D /* GlareDeleteArtistic.swift in Sources */,
				492E88F82629D245007F861A /* BehaviorRetainAdaptable.swift in Sources */,
				490F41BE262474B500D1A86D /* WieldApplyDistinguished.swift in Sources */,
				490F421B26247AE500D1A86D /* AshtrayPlugGainfulInvoice.swift in Sources */,
				4965380126B03D2F006C54B8 /* KeepawayPrepareEnjoyable.swift in Sources */,
				490F41C0262474B500D1A86D /* CornWinExtraordinaryWin.swift in Sources */,
				FAB7CFE82C3D83EC00EF6FDF /* DiamondTrackAccurateProfile.swift in Sources */,
				4950C6B1266A26B50051348A /* DrumUnfoldEmpatheticCountry.swift in Sources */,
			);
			runOnlyForDeploymentPostprocessing = 0;
		};
/* End PBXSourcesBuildPhase section */

/* Begin PBXVariantGroup section */
		490F41C3262474B500D1A86D /* Main.storyboard */ = {
			isa = PBXVariantGroup;
			children = (
				490F41C4262474B500D1A86D /* Base */,
			);
			name = Main.storyboard;
			sourceTree = "<group>";
		};
		490F41C8262474B700D1A86D /* LaunchScreen.storyboard */ = {
			isa = PBXVariantGroup;
			children = (
				490F41C9262474B700D1A86D /* Base */,
			);
			name = LaunchScreen.storyboard;
			sourceTree = "<group>";
		};
/* End PBXVariantGroup section */

/* Begin XCBuildConfiguration section */
		490F41CC262474B700D1A86D /* Debug */ = {
			isa = XCBuildConfiguration;
			buildSettings = {
				ALWAYS_SEARCH_USER_PATHS = NO;
				CLANG_ANALYZER_NONNULL = YES;
				CLANG_ANALYZER_NUMBER_OBJECT_CONVERSION = YES_AGGRESSIVE;
				CLANG_CXX_LANGUAGE_STANDARD = "gnu++14";
				CLANG_CXX_LIBRARY = "libc++";
				CLANG_ENABLE_MODULES = YES;
				CLANG_ENABLE_OBJC_ARC = YES;
				CLANG_ENABLE_OBJC_WEAK = YES;
				CLANG_WARN_BLOCK_CAPTURE_AUTORELEASING = YES;
				CLANG_WARN_BOOL_CONVERSION = YES;
				CLANG_WARN_COMMA = YES;
				CLANG_WARN_CONSTANT_CONVERSION = YES;
				CLANG_WARN_DEPRECATED_OBJC_IMPLEMENTATIONS = YES;
				CLANG_WARN_DIRECT_OBJC_ISA_USAGE = YES_ERROR;
				CLANG_WARN_DOCUMENTATION_COMMENTS = YES;
				CLANG_WARN_EMPTY_BODY = YES;
				CLANG_WARN_ENUM_CONVERSION = YES;
				CLANG_WARN_INFINITE_RECURSION = YES;
				CLANG_WARN_INT_CONVERSION = YES;
				CLANG_WARN_NON_LITERAL_NULL_CONVERSION = YES;
				CLANG_WARN_OBJC_IMPLICIT_RETAIN_SELF = YES;
				CLANG_WARN_OBJC_LITERAL_CONVERSION = YES;
				CLANG_WARN_OBJC_ROOT_CLASS = YES_ERROR;
				CLANG_WARN_QUOTED_INCLUDE_IN_FRAMEWORK_HEADER = YES;
				CLANG_WARN_RANGE_LOOP_ANALYSIS = YES;
				CLANG_WARN_STRICT_PROTOTYPES = YES;
				CLANG_WARN_SUSPICIOUS_MOVE = YES;
				CLANG_WARN_UNGUARDED_AVAILABILITY = YES_AGGRESSIVE;
				CLANG_WARN_UNREACHABLE_CODE = YES;
				CLANG_WARN__DUPLICATE_METHOD_MATCH = YES;
				COPY_PHASE_STRIP = NO;
				DEBUG_INFORMATION_FORMAT = dwarf;
				ENABLE_STRICT_OBJC_MSGSEND = YES;
				ENABLE_TESTABILITY = YES;
				GCC_C_LANGUAGE_STANDARD = gnu11;
				GCC_DYNAMIC_NO_PIC = NO;
				GCC_NO_COMMON_BLOCKS = YES;
				GCC_OPTIMIZATION_LEVEL = 0;
				GCC_PREPROCESSOR_DEFINITIONS = (
					"DEBUG=1",
					"$(inherited)",
				);
				GCC_WARN_64_TO_32_BIT_CONVERSION = YES;
				GCC_WARN_ABOUT_RETURN_TYPE = YES_ERROR;
				GCC_WARN_UNDECLARED_SELECTOR = YES;
				GCC_WARN_UNINITIALIZED_AUTOS = YES_AGGRESSIVE;
				GCC_WARN_UNUSED_FUNCTION = YES;
				GCC_WARN_UNUSED_VARIABLE = YES;
				IPHONEOS_DEPLOYMENT_TARGET = 14.0;
				MTL_ENABLE_DEBUG_INFO = INCLUDE_SOURCE;
				MTL_FAST_MATH = YES;
				ONLY_ACTIVE_ARCH = YES;
				SDKROOT = iphoneos;
				SWIFT_ACTIVE_COMPILATION_CONDITIONS = DEBUG;
				SWIFT_OPTIMIZATION_LEVEL = "-Onone";
			};
			name = Debug;
		};
		490F41CD262474B700D1A86D /* Release */ = {
			isa = XCBuildConfiguration;
			buildSettings = {
				ALWAYS_SEARCH_USER_PATHS = NO;
				CLANG_ANALYZER_NONNULL = YES;
				CLANG_ANALYZER_NUMBER_OBJECT_CONVERSION = YES_AGGRESSIVE;
				CLANG_CXX_LANGUAGE_STANDARD = "gnu++14";
				CLANG_CXX_LIBRARY = "libc++";
				CLANG_ENABLE_MODULES = YES;
				CLANG_ENABLE_OBJC_ARC = YES;
				CLANG_ENABLE_OBJC_WEAK = YES;
				CLANG_WARN_BLOCK_CAPTURE_AUTORELEASING = YES;
				CLANG_WARN_BOOL_CONVERSION = YES;
				CLANG_WARN_COMMA = YES;
				CLANG_WARN_CONSTANT_CONVERSION = YES;
				CLANG_WARN_DEPRECATED_OBJC_IMPLEMENTATIONS = YES;
				CLANG_WARN_DIRECT_OBJC_ISA_USAGE = YES_ERROR;
				CLANG_WARN_DOCUMENTATION_COMMENTS = YES;
				CLANG_WARN_EMPTY_BODY = YES;
				CLANG_WARN_ENUM_CONVERSION = YES;
				CLANG_WARN_INFINITE_RECURSION = YES;
				CLANG_WARN_INT_CONVERSION = YES;
				CLANG_WARN_NON_LITERAL_NULL_CONVERSION = YES;
				CLANG_WARN_OBJC_IMPLICIT_RETAIN_SELF = YES;
				CLANG_WARN_OBJC_LITERAL_CONVERSION = YES;
				CLANG_WARN_OBJC_ROOT_CLASS = YES_ERROR;
				CLANG_WARN_QUOTED_INCLUDE_IN_FRAMEWORK_HEADER = YES;
				CLANG_WARN_RANGE_LOOP_ANALYSIS = YES;
				CLANG_WARN_STRICT_PROTOTYPES = YES;
				CLANG_WARN_SUSPICIOUS_MOVE = YES;
				CLANG_WARN_UNGUARDED_AVAILABILITY = YES_AGGRESSIVE;
				CLANG_WARN_UNREACHABLE_CODE = YES;
				CLANG_WARN__DUPLICATE_METHOD_MATCH = YES;
				COPY_PHASE_STRIP = NO;
				DEBUG_INFORMATION_FORMAT = "dwarf-with-dsym";
				ENABLE_NS_ASSERTIONS = NO;
				ENABLE_STRICT_OBJC_MSGSEND = YES;
				GCC_C_LANGUAGE_STANDARD = gnu11;
				GCC_NO_COMMON_BLOCKS = YES;
				GCC_WARN_64_TO_32_BIT_CONVERSION = YES;
				GCC_WARN_ABOUT_RETURN_TYPE = YES_ERROR;
				GCC_WARN_UNDECLARED_SELECTOR = YES;
				GCC_WARN_UNINITIALIZED_AUTOS = YES_AGGRESSIVE;
				GCC_WARN_UNUSED_FUNCTION = YES;
				GCC_WARN_UNUSED_VARIABLE = YES;
				IPHONEOS_DEPLOYMENT_TARGET = 14.0;
				MTL_ENABLE_DEBUG_INFO = NO;
				MTL_FAST_MATH = YES;
				SDKROOT = iphoneos;
				SWIFT_COMPILATION_MODE = wholemodule;
				SWIFT_OPTIMIZATION_LEVEL = "-O";
				VALIDATE_PRODUCT = YES;
			};
			name = Release;
		};
		490F41CF262474B700D1A86D /* Debug */ = {
			isa = XCBuildConfiguration;
			baseConfigurationReference = 3200A6323D4316AF89F61125 /* Pods-SoundMeter.debug.xcconfig */;
			buildSettings = {
				ALWAYS_EMBED_SWIFT_STANDARD_LIBRARIES = YES;
				ASSETCATALOG_COMPILER_APPICON_NAME = AppIcon;
				ASSETCATALOG_COMPILER_GLOBAL_ACCENT_COLOR_NAME = AccentColor;
				CODE_SIGN_ENTITLEMENTS = SoundMeter/SoundMeter.entitlements;
				CODE_SIGN_IDENTITY = "Apple Development";
				CODE_SIGN_STYLE = Manual;
				CURRENT_PROJECT_VERSION = 4;
				DEVELOPMENT_TEAM = "";
				INFOPLIST_FILE = SoundMeter/Info.plist;
				INFOPLIST_KEY_CFBundleDisplayName = "Sound Analyser";
				INFOPLIST_KEY_LSApplicationCategoryType = "public.app-category.utilities";
				IPHONEOS_DEPLOYMENT_TARGET = 16.0;
				LD_RUNPATH_SEARCH_PATHS = (
					"$(inherited)",
					"@executable_path/Frameworks",
				);
				MARKETING_VERSION = 1.7;
				PRODUCT_BUNDLE_IDENTIFIER = audioAnalyzer.movrp.k;
				PRODUCT_NAME = "Scanner de Som";
				PROVISIONING_PROFILE_SPECIFIER = "";
				SUPPORTED_PLATFORMS = "iphoneos iphonesimulator";
				SUPPORTS_MACCATALYST = NO;
				SUPPORTS_MAC_DESIGNED_FOR_IPHONE_IPAD = NO;
				SUPPORTS_XR_DESIGNED_FOR_IPHONE_IPAD = NO;
				SWIFT_VERSION = 5.0;
				TARGETED_DEVICE_FAMILY = 1;
			};
			name = Debug;
		};
		490F41D0262474B700D1A86D /* Release */ = {
			isa = XCBuildConfiguration;
			baseConfigurationReference = 8E5E72923874444C546EB422 /* Pods-SoundMeter.release.xcconfig */;
			buildSettings = {
				ALWAYS_EMBED_SWIFT_STANDARD_LIBRARIES = YES;
				ASSETCATALOG_COMPILER_APPICON_NAME = AppIcon;
				ASSETCATALOG_COMPILER_GLOBAL_ACCENT_COLOR_NAME = AccentColor;
				CODE_SIGN_ENTITLEMENTS = SoundMeter/SoundMeter.entitlements;
				CODE_SIGN_STYLE = Manual;
				CURRENT_PROJECT_VERSION = 4;
				DEVELOPMENT_TEAM = "";
				INFOPLIST_FILE = SoundMeter/Info.plist;
				INFOPLIST_KEY_CFBundleDisplayName = "Sound Analyser";
				INFOPLIST_KEY_LSApplicationCategoryType = "public.app-category.utilities";
				IPHONEOS_DEPLOYMENT_TARGET = 16.0;
				LD_RUNPATH_SEARCH_PATHS = (
					"$(inherited)",
					"@executable_path/Frameworks",
				);
				MARKETING_VERSION = 1.7;
				PRODUCT_BUNDLE_IDENTIFIER = audioAnalyzer.movrp.k;
				PRODUCT_NAME = "Scanner de Som";
				PROVISIONING_PROFILE_SPECIFIER = "";
				SUPPORTED_PLATFORMS = "iphoneos iphonesimulator";
				SUPPORTS_MACCATALYST = NO;
				SUPPORTS_MAC_DESIGNED_FOR_IPHONE_IPAD = NO;
				SUPPORTS_XR_DESIGNED_FOR_IPHONE_IPAD = NO;
				SWIFT_VERSION = 5.0;
				TARGETED_DEVICE_FAMILY = 1;
			};
			name = Release;
		};
/* End XCBuildConfiguration section */

/* Begin XCConfigurationList section */
		490F41B5262474B500D1A86D /* Build configuration list for PBXProject "SoundMeter" */ = {
			isa = XCConfigurationList;
			buildConfigurations = (
				490F41CC262474B700D1A86D /* Debug */,
				490F41CD262474B700D1A86D /* Release */,
			);
			defaultConfigurationIsVisible = 0;
			defaultConfigurationName = Release;
		};
		490F41CE262474B700D1A86D /* Build configuration list for PBXNativeTarget "Scanner de Som" */ = {
			isa = XCConfigurationList;
			buildConfigurations = (
				490F41CF262474B700D1A86D /* Debug */,
				490F41D0262474B700D1A86D /* Release */,
			);
			defaultConfigurationIsVisible = 0;
			defaultConfigurationName = Release;
		};
/* End XCConfigurationList section */

/* Begin XCLocalSwiftPackageReference section */
		D9FF0CBD2C3C24EB0037A865 /* XCLocalSwiftPackageReference "LitePayt" */ = {
			isa = XCLocalSwiftPackageReference;
			relativePath = LitePayt;
		};
/* End XCLocalSwiftPackageReference section */

/* Begin XCSwiftPackageProductDependency section */
		D9FF0CBE2C3C24EB0037A865 /* LitePayt */ = {
			isa = XCSwiftPackageProductDependency;
			productName = LitePayt;
		};
/* End XCSwiftPackageProductDependency section */
	};
	rootObject = 490F41B2262474B500D1A86D /* Project object */;
}
